{
  "name": "@agacraft/addons-maker",
  "version": "1.0.0",
  "lockfileVersion": 2,
  "requires": true,
  "packages": {
    "": {
      "name": "@agacraft/addons-maker",
      "version": "1.0.0",
      "license": "ISC",
      "dependencies": {
        "@agacraft/extension": "^1.0.4",
        "@agacraft/fs": "^1.0.1",
        "@agacraft/functions": "1.1.0",
        "@agacraft/http": "^2.0.2"
      },
      "devDependencies": {
        "@types/node": "^18.7.16",
        "typescript": "4.8.2"
      }
    },
    "node_modules/@agacraft/classes": {
      "version": "1.1.3",
      "resolved": "https://registry.npmjs.org/@agacraft/classes/-/classes-1.1.3.tgz",
      "integrity": "sha512-57AP4+LDbU85QQxeIaZqVr6elrDri7aSFrIX1qOrNaylkxybm56clDPHKsAgCh8DO4cFGqIdF8VWsDPdAIuKDw==",
      "dependencies": {
        "@agacraft/extension": "^1.0.0",
        "@agacraft/fs": "^1.0.0",
        "@agacraft/functions": "^1.0.1"
      }
    },
    "node_modules/@agacraft/extension": {
      "version": "1.0.4",
      "resolved": "https://registry.npmjs.org/@agacraft/extension/-/extension-1.0.4.tgz",
      "integrity": "sha512-crrryncU/gzcn5qt0ZYbnigOiOx91UWrm3Q5LGHAxQam13DM2mCAzQi6qNlY/LhtmYL+EIdc60u391jDlNNgog==",
      "dependencies": {
        "@agacraft/classes": "^1.0.0",
        "@agacraft/fs": "^1.0.0"
      }
    },
    "node_modules/@agacraft/fs": {
      "version": "1.0.1",
      "resolved": "https://registry.npmjs.org/@agacraft/fs/-/fs-1.0.1.tgz",
      "integrity": "sha512-ZwOJN2SJuqrnlj79VEUlIQAzE4e9x6Ml9p56EmiUWdXM39fjhl5HrLaS76/x7xgyJTCJW6pHZEJbR1I8thPncA=="
    },
    "node_modules/@agacraft/functions": {
      "version": "1.1.0",
      "resolved": "https://registry.npmjs.org/@agacraft/functions/-/functions-1.1.0.tgz",
      "integrity": "sha512-Y6dsDSondtONNcrgR0G0CFJjUSvbkWtvwnm6BFEEWMz216IqJB9nezzoweozSJGQ6SPV9EwKqn2s3XuPxUhVhg==",
      "dependencies": {
        "@agacraft/extension": "^1.0.0"
      }
    },
    "node_modules/@agacraft/http": {
      "version": "2.1.2",
      "resolved": "https://registry.npmjs.org/@agacraft/http/-/http-2.1.2.tgz",
      "integrity": "sha512-vIAy/Lgx2b+NJIrhKNfOmfdOks2Rr8ZSk1dvEbdr1XDOcJ+UbcXQG4Ym/OU0KRcJ51CicF/FEeYSgH5wPhdYnQ=="
    },
    "node_modules/@types/node": {
      "version": "18.11.3",
      "resolved": "https://registry.npmjs.org/@types/node/-/node-18.11.3.tgz",
      "integrity": "sha512-fNjDQzzOsZeKZu5NATgXUPsaFaTxeRgFXoosrHivTl8RGeV733OLawXsGfEk9a8/tySyZUyiZ6E8LcjPFZ2y1A==",
      "dev": true
    },
    "node_modules/typescript": {
      "version": "4.8.2",
      "resolved": "https://registry.npmjs.org/typescript/-/typescript-4.8.2.tgz",
      "integrity": "sha512-C0I1UsrrDHo2fYI5oaCGbSejwX4ch+9Y5jTQELvovfmFkK3HHSZJB8MSJcWLmCUBzQBchCrZ9rMRV6GuNrvGtw==",
      "dev": true,
      "bin": {
        "tsc": "bin/tsc",
        "tsserver": "bin/tsserver"
      },
      "engines": {
        "node": ">=4.2.0"
      }
    }
  },
  "dependencies": {
    "@agacraft/classes": {
      "version": "1.1.3",
      "resolved": "https://registry.npmjs.org/@agacraft/classes/-/classes-1.1.3.tgz",
      "integrity": "sha512-57AP4+LDbU85QQxeIaZqVr6elrDri7aSFrIX1qOrNaylkxybm56clDPHKsAgCh8DO4cFGqIdF8VWsDPdAIuKDw==",
      "requires": {
        "@agacraft/extension": "^1.0.0",
        "@agacraft/fs": "^1.0.0",
        "@agacraft/functions": "^1.0.1"
      }
    },
    "@agacraft/extension": {
      "version": "1.0.4",
      "resolved": "https://registry.npmjs.org/@agacraft/extension/-/extension-1.0.4.tgz",
      "integrity": "sha512-crrryncU/gzcn5qt0ZYbnigOiOx91UWrm3Q5LGHAxQam13DM2mCAzQi6qNlY/LhtmYL+EIdc60u391jDlNNgog==",
      "requires": {
        "@agacraft/classes": "^1.0.0",
        "@agacraft/fs": "^1.0.0"
      }
    },
    "@agacraft/fs": {
      "version": "1.0.1",
      "resolved": "https://registry.npmjs.org/@agacraft/fs/-/fs-1.0.1.tgz",
      "integrity": "sha512-ZwOJN2SJuqrnlj79VEUlIQAzE4e9x6Ml9p56EmiUWdXM39fjhl5HrLaS76/x7xgyJTCJW6pHZEJbR1I8thPncA=="
    },
    "@agacraft/functions": {
      "version": "1.1.0",
      "resolved": "https://registry.npmjs.org/@agacraft/functions/-/functions-1.1.0.tgz",
      "integrity": "sha512-Y6dsDSondtONNcrgR0G0CFJjUSvbkWtvwnm6BFEEWMz216IqJB9nezzoweozSJGQ6SPV9EwKqn2s3XuPxUhVhg==",
      "requires": {
        "@agacraft/extension": "^1.0.0"
      }
    },
    "@agacraft/http": {
      "version": "2.1.2",
      "resolved": "https://registry.npmjs.org/@agacraft/http/-/http-2.1.2.tgz",
      "integrity": "sha512-vIAy/Lgx2b+NJIrhKNfOmfdOks2Rr8ZSk1dvEbdr1XDOcJ+UbcXQG4Ym/OU0KRcJ51CicF/FEeYSgH5wPhdYnQ=="
    },
    "@types/node": {
      "version": "18.11.3",
      "resolved": "https://registry.npmjs.org/@types/node/-/node-18.11.3.tgz",
      "integrity": "sha512-fNjDQzzOsZeKZu5NATgXUPsaFaTxeRgFXoosrHivTl8RGeV733OLawXsGfEk9a8/tySyZUyiZ6E8LcjPFZ2y1A==",
      "dev": true
    },
    "typescript": {
      "version": "4.8.2",
      "resolved": "https://registry.npmjs.org/typescript/-/typescript-4.8.2.tgz",
      "integrity": "sha512-C0I1UsrrDHo2fYI5oaCGbSejwX4ch+9Y5jTQELvovfmFkK3HHSZJB8MSJcWLmCUBzQBchCrZ9rMRV6GuNrvGtw==",
      "dev": true
    }
  }
}
